
Microsoft Visual Studio Solution File, Format Version 12.00
# Visual Studio Version 17
VisualStudioVersion = 17.3.32922.545
MinimumVisualStudioVersion = 10.0.40219.1
Project("{FAE04EC0-301F-11D3-BF4B-00C04F79EFBC}") = "Hospital Managment", "Hospital Managment\Hospital Managment.csproj", "{29C533F3-3A77-4FDA-BF80-362FE26CB429}"
EndProject
Global
	GlobalSection(SolutionConfigurationPlatforms) = preSolution
		Debug|Any CPU = Debug|Any CPU
		Release|Any CPU = Release|Any CPU
	EndGlobalSection
	GlobalSection(ProjectConfigurationPlatforms) = postSolution
		{29C533F3-3A77-4FDA-BF80-362FE26CB429}.Debug|Any CPU.ActiveCfg = Debug|Any CPU
		{29C533F3-3A77-4FDA-BF80-362FE26CB429}.Debug|Any CPU.Build.0 = Debug|Any CPU
		{29C533F3-3A77-4FDA-BF80-362FE26CB429}.Release|Any CPU.ActiveCfg = Release|Any CPU
		{29C533F3-3A77-4FDA-BF80-362FE26CB429}.Release|Any CPU.Build.0 = Release|Any CPU
	EndGlobalSection
	GlobalSection(SolutionProperties) = preSolution
		HideSolutionNode = FALSE
	EndGlobalSection
	GlobalSection(ExtensibilityGlobals) = postSolution
		SolutionGuid = {6C6F7503-C84D-4AE2-ABDE-5A319220F682}
	EndGlobalSection
EndGlobal
